# Copyright 2021 VMware
#
# Licensed under the Apache License, Version 2.0 (the "License");
# you may not use this file except in compliance with the License.
# You may obtain a copy of the License at
#
#     http://www.apache.org/licenses/LICENSE-2.0
#
# Unless required by applicable law or agreed to in writing, software
# distributed under the License is distributed on an "AS IS" BASIS,
# WITHOUT WARRANTIES OR CONDITIONS OF ANY KIND, either express or implied.
# See the License for the specific language governing permissions and
# limitations under the License.

---
apiVersion: imgpkg.carvel.dev/v1alpha1
bundle:
  image: index.docker.io/projectcartographer/cartographer-bundle@sha256:2bf6641a59738c11f4d434d3b2161c9276104fbf1df7582b77f962c439d20547
  tag: latest
kind: BundleLock
